
Microsoft Visual Studio Solution File, Format Version 12.00
# Visual Studio Version 17
VisualStudioVersion = 17.0.31903.59
MinimumVisualStudioVersion = 10.0.40219.1
Project("{2150E333-8FDC-42A3-9474-1A3956D46DE8}") = "tests", "tests", "{9C5A84E3-565C-42EA-B065-0D1260CDCAA3}"
EndProject
Project("{FAE04EC0-301F-11D3-BF4B-00C04F79EFBC}") = "TesouroDireto.Domain.Tests", "tests\TesouroDireto.Domain.Tests\TesouroDireto.Domain.Tests.csproj", "{3EAA35F8-FADF-4E40-98BE-23D780F9AC18}"
EndProject
Project("{FAE04EC0-301F-11D3-BF4B-00C04F79EFBC}") = "TesouroDireto.Application.Tests", "tests\TesouroDireto.Application.Tests\TesouroDireto.Application.Tests.csproj", "{62042B68-60ED-4F52-99BB-7BC7C5891467}"
EndProject
Project("{FAE04EC0-301F-11D3-BF4B-00C04F79EFBC}") = "TesouroDireto.API.Tests", "tests\TesouroDireto.API.Tests\TesouroDireto.API.Tests.csproj", "{419A1B0D-C5AE-4334-BA88-2A3D3217F0A1}"
EndProject
Global
	GlobalSection(SolutionConfigurationPlatforms) = preSolution
		Debug|Any CPU = Debug|Any CPU
		Release|Any CPU = Release|Any CPU
	EndGlobalSection
	GlobalSection(SolutionProperties) = preSolution
		HideSolutionNode = FALSE
	EndGlobalSection
	GlobalSection(ProjectConfigurationPlatforms) = postSolution
		{3EAA35F8-FADF-4E40-98BE-23D780F9AC18}.Debug|Any CPU.ActiveCfg = Debug|Any CPU
		{3EAA35F8-FADF-4E40-98BE-23D780F9AC18}.Debug|Any CPU.Build.0 = Debug|Any CPU
		{3EAA35F8-FADF-4E40-98BE-23D780F9AC18}.Release|Any CPU.ActiveCfg = Release|Any CPU
		{3EAA35F8-FADF-4E40-98BE-23D780F9AC18}.Release|Any CPU.Build.0 = Release|Any CPU
		{62042B68-60ED-4F52-99BB-7BC7C5891467}.Debug|Any CPU.ActiveCfg = Debug|Any CPU
		{62042B68-60ED-4F52-99BB-7BC7C5891467}.Debug|Any CPU.Build.0 = Debug|Any CPU
		{62042B68-60ED-4F52-99BB-7BC7C5891467}.Release|Any CPU.ActiveCfg = Release|Any CPU
		{62042B68-60ED-4F52-99BB-7BC7C5891467}.Release|Any CPU.Build.0 = Release|Any CPU
		{419A1B0D-C5AE-4334-BA88-2A3D3217F0A1}.Debug|Any CPU.ActiveCfg = Debug|Any CPU
		{419A1B0D-C5AE-4334-BA88-2A3D3217F0A1}.Debug|Any CPU.Build.0 = Debug|Any CPU
		{419A1B0D-C5AE-4334-BA88-2A3D3217F0A1}.Release|Any CPU.ActiveCfg = Release|Any CPU
		{419A1B0D-C5AE-4334-BA88-2A3D3217F0A1}.Release|Any CPU.Build.0 = Release|Any CPU
	EndGlobalSection
	GlobalSection(NestedProjects) = preSolution
		{3EAA35F8-FADF-4E40-98BE-23D780F9AC18} = {9C5A84E3-565C-42EA-B065-0D1260CDCAA3}
		{62042B68-60ED-4F52-99BB-7BC7C5891467} = {9C5A84E3-565C-42EA-B065-0D1260CDCAA3}
		{419A1B0D-C5AE-4334-BA88-2A3D3217F0A1} = {9C5A84E3-565C-42EA-B065-0D1260CDCAA3}
	EndGlobalSection
EndGlobal
