
Microsoft Visual Studio Solution File, Format Version 12.00
# Visual Studio Version 17
VisualStudioVersion = 17.0.31903.59
MinimumVisualStudioVersion = 10.0.40219.1
Project("{2150E333-8FDC-42A3-9474-1A3956D46DE8}") = "tests", "tests", "{9C5A84E3-565C-42EA-B065-0D1260CDCAA3}"
EndProject
Project("{FAE04EC0-301F-11D3-BF4B-00C04F79EFBC}") = "TesouroDireto.Domain.Tests", "tests\TesouroDireto.Domain.Tests\TesouroDireto.Domain.Tests.csproj", "{3EAA35F8-FADF-4E40-98BE-23D780F9AC18}"
EndProject
Project("{FAE04EC0-301F-11D3-BF4B-00C04F79EFBC}") = "TesouroDireto.Application.Tests", "tests\TesouroDireto.Application.Tests\TesouroDireto.Application.Tests.csproj", "{62042B68-60ED-4F52-99BB-7BC7C5891467}"
EndProject
Project("{FAE04EC0-301F-11D3-BF4B-00C04F79EFBC}") = "TesouroDireto.API.Tests", "tests\TesouroDireto.API.Tests\TesouroDireto.API.Tests.csproj", "{419A1B0D-C5AE-4334-BA88-2A3D3217F0A1}"
EndProject
Project("{2150E333-8FDC-42A3-9474-1A3956D46DE8}") = "src", "src", "{9E3F650C-E3B5-4535-BA38-4709106342B4}"
EndProject
Project("{FAE04EC0-301F-11D3-BF4B-00C04F79EFBC}") = "TesouroDireto.Web", "src\TesouroDireto.Web\TesouroDireto.Web.csproj", "{3589BD50-73B2-470B-B73A-B4DD492B7C6A}"
EndProject
Project("{FAE04EC0-301F-11D3-BF4B-00C04F79EFBC}") = "TesouroDireto.Domain", "src\TesouroDireto.Domain\TesouroDireto.Domain.csproj", "{D96B93FD-9F73-405A-956D-773201A58EEE}"
EndProject
Project("{FAE04EC0-301F-11D3-BF4B-00C04F79EFBC}") = "TesouroDireto.Application", "src\TesouroDireto.Application\TesouroDireto.Application.csproj", "{015BA873-8F4F-474E-89F4-E04C9854F16A}"
EndProject
Project("{FAE04EC0-301F-11D3-BF4B-00C04F79EFBC}") = "TesouroDireto.Infrastructure", "src\TesouroDireto.Infrastructure\TesouroDireto.Infrastructure.csproj", "{CE62F875-D578-4746-B1CC-CBCF7DECD13B}"
EndProject
Project("{FAE04EC0-301F-11D3-BF4B-00C04F79EFBC}") = "TesouroDireto.API", "src\TesouroDireto.API\TesouroDireto.API.csproj", "{AD2E9C62-D8F8-4907-AF43-A60EEBD28DE9}"
EndProject
Project("{FAE04EC0-301F-11D3-BF4B-00C04F79EFBC}") = "TesouroDireto.Architecture.Tests", "tests\TesouroDireto.Architecture.Tests\TesouroDireto.Architecture.Tests.csproj", "{82230CF6-F673-4815-8285-110283E998D3}"
EndProject
Global
	GlobalSection(SolutionConfigurationPlatforms) = preSolution
		Debug|Any CPU = Debug|Any CPU
		Release|Any CPU = Release|Any CPU
	EndGlobalSection
	GlobalSection(SolutionProperties) = preSolution
		HideSolutionNode = FALSE
	EndGlobalSection
	GlobalSection(ProjectConfigurationPlatforms) = postSolution
		{3EAA35F8-FADF-4E40-98BE-23D780F9AC18}.Debug|Any CPU.ActiveCfg = Debug|Any CPU
		{3EAA35F8-FADF-4E40-98BE-23D780F9AC18}.Debug|Any CPU.Build.0 = Debug|Any CPU
		{3EAA35F8-FADF-4E40-98BE-23D780F9AC18}.Release|Any CPU.ActiveCfg = Release|Any CPU
		{3EAA35F8-FADF-4E40-98BE-23D780F9AC18}.Release|Any CPU.Build.0 = Release|Any CPU
		{62042B68-60ED-4F52-99BB-7BC7C5891467}.Debug|Any CPU.ActiveCfg = Debug|Any CPU
		{62042B68-60ED-4F52-99BB-7BC7C5891467}.Debug|Any CPU.Build.0 = Debug|Any CPU
		{62042B68-60ED-4F52-99BB-7BC7C5891467}.Release|Any CPU.ActiveCfg = Release|Any CPU
		{62042B68-60ED-4F52-99BB-7BC7C5891467}.Release|Any CPU.Build.0 = Release|Any CPU
		{419A1B0D-C5AE-4334-BA88-2A3D3217F0A1}.Debug|Any CPU.ActiveCfg = Debug|Any CPU
		{419A1B0D-C5AE-4334-BA88-2A3D3217F0A1}.Debug|Any CPU.Build.0 = Debug|Any CPU
		{419A1B0D-C5AE-4334-BA88-2A3D3217F0A1}.Release|Any CPU.ActiveCfg = Release|Any CPU
		{419A1B0D-C5AE-4334-BA88-2A3D3217F0A1}.Release|Any CPU.Build.0 = Release|Any CPU
		{3589BD50-73B2-470B-B73A-B4DD492B7C6A}.Debug|Any CPU.ActiveCfg = Debug|Any CPU
		{3589BD50-73B2-470B-B73A-B4DD492B7C6A}.Debug|Any CPU.Build.0 = Debug|Any CPU
		{3589BD50-73B2-470B-B73A-B4DD492B7C6A}.Release|Any CPU.ActiveCfg = Release|Any CPU
		{3589BD50-73B2-470B-B73A-B4DD492B7C6A}.Release|Any CPU.Build.0 = Release|Any CPU
		{D96B93FD-9F73-405A-956D-773201A58EEE}.Debug|Any CPU.ActiveCfg = Debug|Any CPU
		{D96B93FD-9F73-405A-956D-773201A58EEE}.Debug|Any CPU.Build.0 = Debug|Any CPU
		{D96B93FD-9F73-405A-956D-773201A58EEE}.Release|Any CPU.ActiveCfg = Release|Any CPU
		{D96B93FD-9F73-405A-956D-773201A58EEE}.Release|Any CPU.Build.0 = Release|Any CPU
		{015BA873-8F4F-474E-89F4-E04C9854F16A}.Debug|Any CPU.ActiveCfg = Debug|Any CPU
		{015BA873-8F4F-474E-89F4-E04C9854F16A}.Debug|Any CPU.Build.0 = Debug|Any CPU
		{015BA873-8F4F-474E-89F4-E04C9854F16A}.Release|Any CPU.ActiveCfg = Release|Any CPU
		{015BA873-8F4F-474E-89F4-E04C9854F16A}.Release|Any CPU.Build.0 = Release|Any CPU
		{CE62F875-D578-4746-B1CC-CBCF7DECD13B}.Debug|Any CPU.ActiveCfg = Debug|Any CPU
		{CE62F875-D578-4746-B1CC-CBCF7DECD13B}.Debug|Any CPU.Build.0 = Debug|Any CPU
		{CE62F875-D578-4746-B1CC-CBCF7DECD13B}.Release|Any CPU.ActiveCfg = Release|Any CPU
		{CE62F875-D578-4746-B1CC-CBCF7DECD13B}.Release|Any CPU.Build.0 = Release|Any CPU
		{AD2E9C62-D8F8-4907-AF43-A60EEBD28DE9}.Debug|Any CPU.ActiveCfg = Debug|Any CPU
		{AD2E9C62-D8F8-4907-AF43-A60EEBD28DE9}.Debug|Any CPU.Build.0 = Debug|Any CPU
		{AD2E9C62-D8F8-4907-AF43-A60EEBD28DE9}.Release|Any CPU.ActiveCfg = Release|Any CPU
		{AD2E9C62-D8F8-4907-AF43-A60EEBD28DE9}.Release|Any CPU.Build.0 = Release|Any CPU
		{82230CF6-F673-4815-8285-110283E998D3}.Debug|Any CPU.ActiveCfg = Debug|Any CPU
		{82230CF6-F673-4815-8285-110283E998D3}.Debug|Any CPU.Build.0 = Debug|Any CPU
		{82230CF6-F673-4815-8285-110283E998D3}.Release|Any CPU.ActiveCfg = Release|Any CPU
		{82230CF6-F673-4815-8285-110283E998D3}.Release|Any CPU.Build.0 = Release|Any CPU
	EndGlobalSection
	GlobalSection(NestedProjects) = preSolution
		{3EAA35F8-FADF-4E40-98BE-23D780F9AC18} = {9C5A84E3-565C-42EA-B065-0D1260CDCAA3}
		{62042B68-60ED-4F52-99BB-7BC7C5891467} = {9C5A84E3-565C-42EA-B065-0D1260CDCAA3}
		{419A1B0D-C5AE-4334-BA88-2A3D3217F0A1} = {9C5A84E3-565C-42EA-B065-0D1260CDCAA3}
		{3589BD50-73B2-470B-B73A-B4DD492B7C6A} = {9E3F650C-E3B5-4535-BA38-4709106342B4}
		{D96B93FD-9F73-405A-956D-773201A58EEE} = {9E3F650C-E3B5-4535-BA38-4709106342B4}
		{015BA873-8F4F-474E-89F4-E04C9854F16A} = {9E3F650C-E3B5-4535-BA38-4709106342B4}
		{CE62F875-D578-4746-B1CC-CBCF7DECD13B} = {9E3F650C-E3B5-4535-BA38-4709106342B4}
		{AD2E9C62-D8F8-4907-AF43-A60EEBD28DE9} = {9E3F650C-E3B5-4535-BA38-4709106342B4}
		{82230CF6-F673-4815-8285-110283E998D3} = {9C5A84E3-565C-42EA-B065-0D1260CDCAA3}
	EndGlobalSection
EndGlobal
